
Microsoft Visual Studio Solution File, Format Version 12.00
# Visual Studio Version 16
VisualStudioVersion = 16.0.29418.71
MinimumVisualStudioVersion = 10.0.40219.1
Project("{FAE04EC0-301F-11D3-BF4B-00C04F79EFBC}") = "Swan-geese 4.0", "Swan-geese 4.0\Swan-geese 4.0.csproj", "{56AAB3E2-A87A-4B31-84C9-45CF8D47982C}"
EndProject
Global
	GlobalSection(SolutionConfigurationPlatforms) = preSolution
		Debug|Any CPU = Debug|Any CPU
		Release|Any CPU = Release|Any CPU
	EndGlobalSection
	GlobalSection(ProjectConfigurationPlatforms) = postSolution
		{56AAB3E2-A87A-4B31-84C9-45CF8D47982C}.Debug|Any CPU.ActiveCfg = Debug|Any CPU
		{56AAB3E2-A87A-4B31-84C9-45CF8D47982C}.Debug|Any CPU.Build.0 = Debug|Any CPU
		{56AAB3E2-A87A-4B31-84C9-45CF8D47982C}.Release|Any CPU.ActiveCfg = Release|Any CPU
		{56AAB3E2-A87A-4B31-84C9-45CF8D47982C}.Release|Any CPU.Build.0 = Release|Any CPU
	EndGlobalSection
	GlobalSection(SolutionProperties) = preSolution
		HideSolutionNode = FALSE
	EndGlobalSection
	GlobalSection(ExtensibilityGlobals) = postSolution
		SolutionGuid = {24C21ED0-0137-44C0-AFE3-D77A0E990795}
	EndGlobalSection
EndGlobal
